
Microsoft Visual Studio Solution File, Format Version 12.00
# Visual Studio Version 16
VisualStudioVersion = 16.0.31911.196
MinimumVisualStudioVersion = 10.0.40219.1
Project("{FAE04EC0-301F-11D3-BF4B-00C04F79EFBC}") = "DrawingApp", "DrawingApp\DrawingApp.csproj", "{3B2FDD79-AC5B-455B-876A-B024B3FE7530}"
EndProject
Project("{FAE04EC0-301F-11D3-BF4B-00C04F79EFBC}") = "DrawingForm", "DrawingForm\DrawingForm.csproj", "{9DDC9D28-FCE6-430B-962F-87745D463502}"
EndProject
Project("{9A19103F-16F7-4668-BE54-9A1E7A4F7556}") = "DrawingModel", "DrawingModel\DrawingModel.csproj", "{B09AEE85-55C9-41A2-A02F-1DC02BA41503}"
EndProject
Project("{FAE04EC0-301F-11D3-BF4B-00C04F79EFBC}") = "DrawingModelTests", "DrawingModelTests\DrawingModelTests.csproj", "{9A37A7CC-4F10-4E8F-9227-284B600F0C3E}"
EndProject
Project("{FAE04EC0-301F-11D3-BF4B-00C04F79EFBC}") = "DrawingFormUITests", "DrawingFormUITests\DrawingFormUITests.csproj", "{0F0DC07B-FC71-49AD-8BDD-AE079D629776}"
EndProject
Global
	GlobalSection(SolutionConfigurationPlatforms) = preSolution
		Debug|Any CPU = Debug|Any CPU
		Debug|ARM = Debug|ARM
		Debug|ARM64 = Debug|ARM64
		Debug|x64 = Debug|x64
		Debug|x86 = Debug|x86
		Release|Any CPU = Release|Any CPU
		Release|ARM = Release|ARM
		Release|ARM64 = Release|ARM64
		Release|x64 = Release|x64
		Release|x86 = Release|x86
	EndGlobalSection
	GlobalSection(ProjectConfigurationPlatforms) = postSolution
		{3B2FDD79-AC5B-455B-876A-B024B3FE7530}.Debug|Any CPU.ActiveCfg = Debug|x86
		{3B2FDD79-AC5B-455B-876A-B024B3FE7530}.Debug|ARM.ActiveCfg = Debug|ARM
		{3B2FDD79-AC5B-455B-876A-B024B3FE7530}.Debug|ARM.Build.0 = Debug|ARM
		{3B2FDD79-AC5B-455B-876A-B024B3FE7530}.Debug|ARM.Deploy.0 = Debug|ARM
		{3B2FDD79-AC5B-455B-876A-B024B3FE7530}.Debug|ARM64.ActiveCfg = Debug|ARM64
		{3B2FDD79-AC5B-455B-876A-B024B3FE7530}.Debug|ARM64.Build.0 = Debug|ARM64
		{3B2FDD79-AC5B-455B-876A-B024B3FE7530}.Debug|ARM64.Deploy.0 = Debug|ARM64
		{3B2FDD79-AC5B-455B-876A-B024B3FE7530}.Debug|x64.ActiveCfg = Debug|x64
		{3B2FDD79-AC5B-455B-876A-B024B3FE7530}.Debug|x64.Build.0 = Debug|x64
		{3B2FDD79-AC5B-455B-876A-B024B3FE7530}.Debug|x64.Deploy.0 = Debug|x64
		{3B2FDD79-AC5B-455B-876A-B024B3FE7530}.Debug|x86.ActiveCfg = Debug|x86
		{3B2FDD79-AC5B-455B-876A-B024B3FE7530}.Debug|x86.Build.0 = Debug|x86
		{3B2FDD79-AC5B-455B-876A-B024B3FE7530}.Debug|x86.Deploy.0 = Debug|x86
		{3B2FDD79-AC5B-455B-876A-B024B3FE7530}.Release|Any CPU.ActiveCfg = Release|x86
		{3B2FDD79-AC5B-455B-876A-B024B3FE7530}.Release|ARM.ActiveCfg = Release|ARM
		{3B2FDD79-AC5B-455B-876A-B024B3FE7530}.Release|ARM.Build.0 = Release|ARM
		{3B2FDD79-AC5B-455B-876A-B024B3FE7530}.Release|ARM.Deploy.0 = Release|ARM
		{3B2FDD79-AC5B-455B-876A-B024B3FE7530}.Release|ARM64.ActiveCfg = Release|ARM64
		{3B2FDD79-AC5B-455B-876A-B024B3FE7530}.Release|ARM64.Build.0 = Release|ARM64
		{3B2FDD79-AC5B-455B-876A-B024B3FE7530}.Release|ARM64.Deploy.0 = Release|ARM64
		{3B2FDD79-AC5B-455B-876A-B024B3FE7530}.Release|x64.ActiveCfg = Release|x64
		{3B2FDD79-AC5B-455B-876A-B024B3FE7530}.Release|x64.Build.0 = Release|x64
		{3B2FDD79-AC5B-455B-876A-B024B3FE7530}.Release|x64.Deploy.0 = Release|x64
		{3B2FDD79-AC5B-455B-876A-B024B3FE7530}.Release|x86.ActiveCfg = Release|x86
		{3B2FDD79-AC5B-455B-876A-B024B3FE7530}.Release|x86.Build.0 = Release|x86
		{3B2FDD79-AC5B-455B-876A-B024B3FE7530}.Release|x86.Deploy.0 = Release|x86
		{9DDC9D28-FCE6-430B-962F-87745D463502}.Debug|Any CPU.ActiveCfg = Debug|Any CPU
		{9DDC9D28-FCE6-430B-962F-87745D463502}.Debug|Any CPU.Build.0 = Debug|Any CPU
		{9DDC9D28-FCE6-430B-962F-87745D463502}.Debug|ARM.ActiveCfg = Debug|Any CPU
		{9DDC9D28-FCE6-430B-962F-87745D463502}.Debug|ARM.Build.0 = Debug|Any CPU
		{9DDC9D28-FCE6-430B-962F-87745D463502}.Debug|ARM64.ActiveCfg = Debug|Any CPU
		{9DDC9D28-FCE6-430B-962F-87745D463502}.Debug|ARM64.Build.0 = Debug|Any CPU
		{9DDC9D28-FCE6-430B-962F-87745D463502}.Debug|x64.ActiveCfg = Debug|Any CPU
		{9DDC9D28-FCE6-430B-962F-87745D463502}.Debug|x64.Build.0 = Debug|Any CPU
		{9DDC9D28-FCE6-430B-962F-87745D463502}.Debug|x86.ActiveCfg = Debug|Any CPU
		{9DDC9D28-FCE6-430B-962F-87745D463502}.Debug|x86.Build.0 = Debug|Any CPU
		{9DDC9D28-FCE6-430B-962F-87745D463502}.Release|Any CPU.ActiveCfg = Release|Any CPU
		{9DDC9D28-FCE6-430B-962F-87745D463502}.Release|Any CPU.Build.0 = Release|Any CPU
		{9DDC9D28-FCE6-430B-962F-87745D463502}.Release|ARM.ActiveCfg = Release|Any CPU
		{9DDC9D28-FCE6-430B-962F-87745D463502}.Release|ARM.Build.0 = Release|Any CPU
		{9DDC9D28-FCE6-430B-962F-87745D463502}.Release|ARM64.ActiveCfg = Release|Any CPU
		{9DDC9D28-FCE6-430B-962F-87745D463502}.Release|ARM64.Build.0 = Release|Any CPU
		{9DDC9D28-FCE6-430B-962F-87745D463502}.Release|x64.ActiveCfg = Release|Any CPU
		{9DDC9D28-FCE6-430B-962F-87745D463502}.Release|x64.Build.0 = Release|Any CPU
		{9DDC9D28-FCE6-430B-962F-87745D463502}.Release|x86.ActiveCfg = Release|Any CPU
		{9DDC9D28-FCE6-430B-962F-87745D463502}.Release|x86.Build.0 = Release|Any CPU
		{B09AEE85-55C9-41A2-A02F-1DC02BA41503}.Debug|Any CPU.ActiveCfg = Debug|Any CPU
		{B09AEE85-55C9-41A2-A02F-1DC02BA41503}.Debug|Any CPU.Build.0 = Debug|Any CPU
		{B09AEE85-55C9-41A2-A02F-1DC02BA41503}.Debug|ARM.ActiveCfg = Debug|Any CPU
		{B09AEE85-55C9-41A2-A02F-1DC02BA41503}.Debug|ARM.Build.0 = Debug|Any CPU
		{B09AEE85-55C9-41A2-A02F-1DC02BA41503}.Debug|ARM64.ActiveCfg = Debug|Any CPU
		{B09AEE85-55C9-41A2-A02F-1DC02BA41503}.Debug|ARM64.Build.0 = Debug|Any CPU
		{B09AEE85-55C9-41A2-A02F-1DC02BA41503}.Debug|x64.ActiveCfg = Debug|Any CPU
		{B09AEE85-55C9-41A2-A02F-1DC02BA41503}.Debug|x64.Build.0 = Debug|Any CPU
		{B09AEE85-55C9-41A2-A02F-1DC02BA41503}.Debug|x86.ActiveCfg = Debug|Any CPU
		{B09AEE85-55C9-41A2-A02F-1DC02BA41503}.Debug|x86.Build.0 = Debug|Any CPU
		{B09AEE85-55C9-41A2-A02F-1DC02BA41503}.Release|Any CPU.ActiveCfg = Release|Any CPU
		{B09AEE85-55C9-41A2-A02F-1DC02BA41503}.Release|Any CPU.Build.0 = Release|Any CPU
		{B09AEE85-55C9-41A2-A02F-1DC02BA41503}.Release|ARM.ActiveCfg = Release|Any CPU
		{B09AEE85-55C9-41A2-A02F-1DC02BA41503}.Release|ARM.Build.0 = Release|Any CPU
		{B09AEE85-55C9-41A2-A02F-1DC02BA41503}.Release|ARM64.ActiveCfg = Release|Any CPU
		{B09AEE85-55C9-41A2-A02F-1DC02BA41503}.Release|ARM64.Build.0 = Release|Any CPU
		{B09AEE85-55C9-41A2-A02F-1DC02BA41503}.Release|x64.ActiveCfg = Release|Any CPU
		{B09AEE85-55C9-41A2-A02F-1DC02BA41503}.Release|x64.Build.0 = Release|Any CPU
		{B09AEE85-55C9-41A2-A02F-1DC02BA41503}.Release|x86.ActiveCfg = Release|Any CPU
		{B09AEE85-55C9-41A2-A02F-1DC02BA41503}.Release|x86.Build.0 = Release|Any CPU
		{9A37A7CC-4F10-4E8F-9227-284B600F0C3E}.Debug|Any CPU.ActiveCfg = Debug|Any CPU
		{9A37A7CC-4F10-4E8F-9227-284B600F0C3E}.Debug|Any CPU.Build.0 = Debug|Any CPU
		{9A37A7CC-4F10-4E8F-9227-284B600F0C3E}.Debug|ARM.ActiveCfg = Debug|Any CPU
		{9A37A7CC-4F10-4E8F-9227-284B600F0C3E}.Debug|ARM.Build.0 = Debug|Any CPU
		{9A37A7CC-4F10-4E8F-9227-284B600F0C3E}.Debug|ARM64.ActiveCfg = Debug|Any CPU
		{9A37A7CC-4F10-4E8F-9227-284B600F0C3E}.Debug|ARM64.Build.0 = Debug|Any CPU
		{9A37A7CC-4F10-4E8F-9227-284B600F0C3E}.Debug|x64.ActiveCfg = Debug|Any CPU
		{9A37A7CC-4F10-4E8F-9227-284B600F0C3E}.Debug|x64.Build.0 = Debug|Any CPU
		{9A37A7CC-4F10-4E8F-9227-284B600F0C3E}.Debug|x86.ActiveCfg = Debug|Any CPU
		{9A37A7CC-4F10-4E8F-9227-284B600F0C3E}.Debug|x86.Build.0 = Debug|Any CPU
		{9A37A7CC-4F10-4E8F-9227-284B600F0C3E}.Release|Any CPU.ActiveCfg = Release|Any CPU
		{9A37A7CC-4F10-4E8F-9227-284B600F0C3E}.Release|Any CPU.Build.0 = Release|Any CPU
		{9A37A7CC-4F10-4E8F-9227-284B600F0C3E}.Release|ARM.ActiveCfg = Release|Any CPU
		{9A37A7CC-4F10-4E8F-9227-284B600F0C3E}.Release|ARM.Build.0 = Release|Any CPU
		{9A37A7CC-4F10-4E8F-9227-284B600F0C3E}.Release|ARM64.ActiveCfg = Release|Any CPU
		{9A37A7CC-4F10-4E8F-9227-284B600F0C3E}.Release|ARM64.Build.0 = Release|Any CPU
		{9A37A7CC-4F10-4E8F-9227-284B600F0C3E}.Release|x64.ActiveCfg = Release|Any CPU
		{9A37A7CC-4F10-4E8F-9227-284B600F0C3E}.Release|x64.Build.0 = Release|Any CPU
		{9A37A7CC-4F10-4E8F-9227-284B600F0C3E}.Release|x86.ActiveCfg = Release|Any CPU
		{9A37A7CC-4F10-4E8F-9227-284B600F0C3E}.Release|x86.Build.0 = Release|Any CPU
		{0F0DC07B-FC71-49AD-8BDD-AE079D629776}.Debug|Any CPU.ActiveCfg = Debug|Any CPU
		{0F0DC07B-FC71-49AD-8BDD-AE079D629776}.Debug|Any CPU.Build.0 = Debug|Any CPU
		{0F0DC07B-FC71-49AD-8BDD-AE079D629776}.Debug|ARM.ActiveCfg = Debug|Any CPU
		{0F0DC07B-FC71-49AD-8BDD-AE079D629776}.Debug|ARM.Build.0 = Debug|Any CPU
		{0F0DC07B-FC71-49AD-8BDD-AE079D629776}.Debug|ARM64.ActiveCfg = Debug|Any CPU
		{0F0DC07B-FC71-49AD-8BDD-AE079D629776}.Debug|ARM64.Build.0 = Debug|Any CPU
		{0F0DC07B-FC71-49AD-8BDD-AE079D629776}.Debug|x64.ActiveCfg = Debug|Any CPU
		{0F0DC07B-FC71-49AD-8BDD-AE079D629776}.Debug|x64.Build.0 = Debug|Any CPU
		{0F0DC07B-FC71-49AD-8BDD-AE079D629776}.Debug|x86.ActiveCfg = Debug|Any CPU
		{0F0DC07B-FC71-49AD-8BDD-AE079D629776}.Debug|x86.Build.0 = Debug|Any CPU
		{0F0DC07B-FC71-49AD-8BDD-AE079D629776}.Release|Any CPU.ActiveCfg = Release|Any CPU
		{0F0DC07B-FC71-49AD-8BDD-AE079D629776}.Release|Any CPU.Build.0 = Release|Any CPU
		{0F0DC07B-FC71-49AD-8BDD-AE079D629776}.Release|ARM.ActiveCfg = Release|Any CPU
		{0F0DC07B-FC71-49AD-8BDD-AE079D629776}.Release|ARM.Build.0 = Release|Any CPU
		{0F0DC07B-FC71-49AD-8BDD-AE079D629776}.Release|ARM64.ActiveCfg = Release|Any CPU
		{0F0DC07B-FC71-49AD-8BDD-AE079D629776}.Release|ARM64.Build.0 = Release|Any CPU
		{0F0DC07B-FC71-49AD-8BDD-AE079D629776}.Release|x64.ActiveCfg = Release|Any CPU
		{0F0DC07B-FC71-49AD-8BDD-AE079D629776}.Release|x64.Build.0 = Release|Any CPU
		{0F0DC07B-FC71-49AD-8BDD-AE079D629776}.Release|x86.ActiveCfg = Release|Any CPU
		{0F0DC07B-FC71-49AD-8BDD-AE079D629776}.Release|x86.Build.0 = Release|Any CPU
	EndGlobalSection
	GlobalSection(SolutionProperties) = preSolution
		HideSolutionNode = FALSE
	EndGlobalSection
	GlobalSection(ExtensibilityGlobals) = postSolution
		SolutionGuid = {A6CD336E-CC96-4A79-BCF7-33652EE86B64}
	EndGlobalSection
EndGlobal
